
Microsoft Visual Studio Solution File, Format Version 12.00
# Visual Studio 15
VisualStudioVersion = 15.0.26403.7
MinimumVisualStudioVersion = 10.0.40219.1
Project("{FAE04EC0-301F-11D3-BF4B-00C04F79EFBC}") = "2012126174-PER", "2012126174-PER\2012126174-PER.csproj", "{7355A17A-9C58-45BD-BAF4-68C0CDF8F6CE}"
EndProject
Project("{FAE04EC0-301F-11D3-BF4B-00C04F79EFBC}") = "2012126174-ENT", "2012126174-ENT\2012126174-ENT.csproj", "{B2497150-5650-44EB-816D-962276A639A8}"
EndProject
Project("{FAE04EC0-301F-11D3-BF4B-00C04F79EFBC}") = "2012126174-CON", "2012126174-CON\2012126174-CON.csproj", "{9E5C84FD-7379-4E05-BA7E-7581C6C07EDB}"
EndProject
Global
	GlobalSection(SolutionConfigurationPlatforms) = preSolution
		Debug|Any CPU = Debug|Any CPU
		Release|Any CPU = Release|Any CPU
	EndGlobalSection
	GlobalSection(ProjectConfigurationPlatforms) = postSolution
		{7355A17A-9C58-45BD-BAF4-68C0CDF8F6CE}.Debug|Any CPU.ActiveCfg = Debug|Any CPU
		{7355A17A-9C58-45BD-BAF4-68C0CDF8F6CE}.Debug|Any CPU.Build.0 = Debug|Any CPU
		{7355A17A-9C58-45BD-BAF4-68C0CDF8F6CE}.Release|Any CPU.ActiveCfg = Release|Any CPU
		{7355A17A-9C58-45BD-BAF4-68C0CDF8F6CE}.Release|Any CPU.Build.0 = Release|Any CPU
		{B2497150-5650-44EB-816D-962276A639A8}.Debug|Any CPU.ActiveCfg = Debug|Any CPU
		{B2497150-5650-44EB-816D-962276A639A8}.Debug|Any CPU.Build.0 = Debug|Any CPU
		{B2497150-5650-44EB-816D-962276A639A8}.Release|Any CPU.ActiveCfg = Release|Any CPU
		{B2497150-5650-44EB-816D-962276A639A8}.Release|Any CPU.Build.0 = Release|Any CPU
		{9E5C84FD-7379-4E05-BA7E-7581C6C07EDB}.Debug|Any CPU.ActiveCfg = Debug|Any CPU
		{9E5C84FD-7379-4E05-BA7E-7581C6C07EDB}.Debug|Any CPU.Build.0 = Debug|Any CPU
		{9E5C84FD-7379-4E05-BA7E-7581C6C07EDB}.Release|Any CPU.ActiveCfg = Release|Any CPU
		{9E5C84FD-7379-4E05-BA7E-7581C6C07EDB}.Release|Any CPU.Build.0 = Release|Any CPU
	EndGlobalSection
	GlobalSection(SolutionProperties) = preSolution
		HideSolutionNode = FALSE
	EndGlobalSection
EndGlobal
